
Microsoft Visual Studio Solution File, Format Version 12.00
# Visual Studio 15
VisualStudioVersion = 15.0.28010.2026
MinimumVisualStudioVersion = 10.0.40219.1
Project("{FAE04EC0-301F-11D3-BF4B-00C04F79EFBC}") = "EconomicCalculator", "EconomicCalculator\EconomicCalculator.csproj", "{7494FAD4-7371-4E45-9E30-B165D42833CE}"
EndProject
Project("{FAE04EC0-301F-11D3-BF4B-00C04F79EFBC}") = "EconomicCalculator.Common", "EconomicCalculator.Common\EconomicCalculator.Common.csproj", "{C6323CE3-9C11-4EBC-A4F8-DF5BCD271C8D}"
EndProject
Project("{FAE04EC0-301F-11D3-BF4B-00C04F79EFBC}") = "EconomicCalculator.Common.Tests", "EconomicCalculator.Common.Tests\EconomicCalculator.Common.Tests.csproj", "{DB9DEC15-DE11-4906-83A1-C92245F5BEDE}"
EndProject
Project("{FAE04EC0-301F-11D3-BF4B-00C04F79EFBC}") = "StorageManager", "StorageManager\StorageManager.csproj", "{7AD634B2-374E-45CD-BE63-6B90C6F5682F}"
EndProject
Global
	GlobalSection(SolutionConfigurationPlatforms) = preSolution
		Debug|Any CPU = Debug|Any CPU
		Debug|ARM = Debug|ARM
		Debug|x64 = Debug|x64
		Debug|x86 = Debug|x86
		Release|Any CPU = Release|Any CPU
		Release|ARM = Release|ARM
		Release|x64 = Release|x64
		Release|x86 = Release|x86
	EndGlobalSection
	GlobalSection(ProjectConfigurationPlatforms) = postSolution
		{7494FAD4-7371-4E45-9E30-B165D42833CE}.Debug|Any CPU.ActiveCfg = Debug|x86
		{7494FAD4-7371-4E45-9E30-B165D42833CE}.Debug|ARM.ActiveCfg = Debug|ARM
		{7494FAD4-7371-4E45-9E30-B165D42833CE}.Debug|ARM.Build.0 = Debug|ARM
		{7494FAD4-7371-4E45-9E30-B165D42833CE}.Debug|ARM.Deploy.0 = Debug|ARM
		{7494FAD4-7371-4E45-9E30-B165D42833CE}.Debug|x64.ActiveCfg = Debug|x64
		{7494FAD4-7371-4E45-9E30-B165D42833CE}.Debug|x64.Build.0 = Debug|x64
		{7494FAD4-7371-4E45-9E30-B165D42833CE}.Debug|x64.Deploy.0 = Debug|x64
		{7494FAD4-7371-4E45-9E30-B165D42833CE}.Debug|x86.ActiveCfg = Debug|x86
		{7494FAD4-7371-4E45-9E30-B165D42833CE}.Debug|x86.Build.0 = Debug|x86
		{7494FAD4-7371-4E45-9E30-B165D42833CE}.Debug|x86.Deploy.0 = Debug|x86
		{7494FAD4-7371-4E45-9E30-B165D42833CE}.Release|Any CPU.ActiveCfg = Release|x86
		{7494FAD4-7371-4E45-9E30-B165D42833CE}.Release|ARM.ActiveCfg = Release|ARM
		{7494FAD4-7371-4E45-9E30-B165D42833CE}.Release|ARM.Build.0 = Release|ARM
		{7494FAD4-7371-4E45-9E30-B165D42833CE}.Release|ARM.Deploy.0 = Release|ARM
		{7494FAD4-7371-4E45-9E30-B165D42833CE}.Release|x64.ActiveCfg = Release|x64
		{7494FAD4-7371-4E45-9E30-B165D42833CE}.Release|x64.Build.0 = Release|x64
		{7494FAD4-7371-4E45-9E30-B165D42833CE}.Release|x64.Deploy.0 = Release|x64
		{7494FAD4-7371-4E45-9E30-B165D42833CE}.Release|x86.ActiveCfg = Release|x86
		{7494FAD4-7371-4E45-9E30-B165D42833CE}.Release|x86.Build.0 = Release|x86
		{7494FAD4-7371-4E45-9E30-B165D42833CE}.Release|x86.Deploy.0 = Release|x86
		{C6323CE3-9C11-4EBC-A4F8-DF5BCD271C8D}.Debug|Any CPU.ActiveCfg = Debug|Any CPU
		{C6323CE3-9C11-4EBC-A4F8-DF5BCD271C8D}.Debug|Any CPU.Build.0 = Debug|Any CPU
		{C6323CE3-9C11-4EBC-A4F8-DF5BCD271C8D}.Debug|ARM.ActiveCfg = Debug|ARM
		{C6323CE3-9C11-4EBC-A4F8-DF5BCD271C8D}.Debug|ARM.Build.0 = Debug|ARM
		{C6323CE3-9C11-4EBC-A4F8-DF5BCD271C8D}.Debug|x64.ActiveCfg = Debug|x64
		{C6323CE3-9C11-4EBC-A4F8-DF5BCD271C8D}.Debug|x64.Build.0 = Debug|x64
		{C6323CE3-9C11-4EBC-A4F8-DF5BCD271C8D}.Debug|x86.ActiveCfg = Debug|x86
		{C6323CE3-9C11-4EBC-A4F8-DF5BCD271C8D}.Debug|x86.Build.0 = Debug|x86
		{C6323CE3-9C11-4EBC-A4F8-DF5BCD271C8D}.Release|Any CPU.ActiveCfg = Release|Any CPU
		{C6323CE3-9C11-4EBC-A4F8-DF5BCD271C8D}.Release|Any CPU.Build.0 = Release|Any CPU
		{C6323CE3-9C11-4EBC-A4F8-DF5BCD271C8D}.Release|ARM.ActiveCfg = Release|ARM
		{C6323CE3-9C11-4EBC-A4F8-DF5BCD271C8D}.Release|ARM.Build.0 = Release|ARM
		{C6323CE3-9C11-4EBC-A4F8-DF5BCD271C8D}.Release|x64.ActiveCfg = Release|x64
		{C6323CE3-9C11-4EBC-A4F8-DF5BCD271C8D}.Release|x64.Build.0 = Release|x64
		{C6323CE3-9C11-4EBC-A4F8-DF5BCD271C8D}.Release|x86.ActiveCfg = Release|x86
		{C6323CE3-9C11-4EBC-A4F8-DF5BCD271C8D}.Release|x86.Build.0 = Release|x86
		{DB9DEC15-DE11-4906-83A1-C92245F5BEDE}.Debug|Any CPU.ActiveCfg = Debug|x86
		{DB9DEC15-DE11-4906-83A1-C92245F5BEDE}.Debug|ARM.ActiveCfg = Debug|ARM
		{DB9DEC15-DE11-4906-83A1-C92245F5BEDE}.Debug|ARM.Build.0 = Debug|ARM
		{DB9DEC15-DE11-4906-83A1-C92245F5BEDE}.Debug|ARM.Deploy.0 = Debug|ARM
		{DB9DEC15-DE11-4906-83A1-C92245F5BEDE}.Debug|x64.ActiveCfg = Debug|x64
		{DB9DEC15-DE11-4906-83A1-C92245F5BEDE}.Debug|x64.Build.0 = Debug|x64
		{DB9DEC15-DE11-4906-83A1-C92245F5BEDE}.Debug|x64.Deploy.0 = Debug|x64
		{DB9DEC15-DE11-4906-83A1-C92245F5BEDE}.Debug|x86.ActiveCfg = Debug|x86
		{DB9DEC15-DE11-4906-83A1-C92245F5BEDE}.Debug|x86.Build.0 = Debug|x86
		{DB9DEC15-DE11-4906-83A1-C92245F5BEDE}.Debug|x86.Deploy.0 = Debug|x86
		{DB9DEC15-DE11-4906-83A1-C92245F5BEDE}.Release|Any CPU.ActiveCfg = Release|x86
		{DB9DEC15-DE11-4906-83A1-C92245F5BEDE}.Release|ARM.ActiveCfg = Release|ARM
		{DB9DEC15-DE11-4906-83A1-C92245F5BEDE}.Release|ARM.Build.0 = Release|ARM
		{DB9DEC15-DE11-4906-83A1-C92245F5BEDE}.Release|ARM.Deploy.0 = Release|ARM
		{DB9DEC15-DE11-4906-83A1-C92245F5BEDE}.Release|x64.ActiveCfg = Release|x64
		{DB9DEC15-DE11-4906-83A1-C92245F5BEDE}.Release|x64.Build.0 = Release|x64
		{DB9DEC15-DE11-4906-83A1-C92245F5BEDE}.Release|x64.Deploy.0 = Release|x64
		{DB9DEC15-DE11-4906-83A1-C92245F5BEDE}.Release|x86.ActiveCfg = Release|x86
		{DB9DEC15-DE11-4906-83A1-C92245F5BEDE}.Release|x86.Build.0 = Release|x86
		{DB9DEC15-DE11-4906-83A1-C92245F5BEDE}.Release|x86.Deploy.0 = Release|x86
		{7AD634B2-374E-45CD-BE63-6B90C6F5682F}.Debug|Any CPU.ActiveCfg = Debug|Any CPU
		{7AD634B2-374E-45CD-BE63-6B90C6F5682F}.Debug|Any CPU.Build.0 = Debug|Any CPU
		{7AD634B2-374E-45CD-BE63-6B90C6F5682F}.Debug|ARM.ActiveCfg = Debug|Any CPU
		{7AD634B2-374E-45CD-BE63-6B90C6F5682F}.Debug|ARM.Build.0 = Debug|Any CPU
		{7AD634B2-374E-45CD-BE63-6B90C6F5682F}.Debug|x64.ActiveCfg = Debug|Any CPU
		{7AD634B2-374E-45CD-BE63-6B90C6F5682F}.Debug|x64.Build.0 = Debug|Any CPU
		{7AD634B2-374E-45CD-BE63-6B90C6F5682F}.Debug|x86.ActiveCfg = Debug|Any CPU
		{7AD634B2-374E-45CD-BE63-6B90C6F5682F}.Debug|x86.Build.0 = Debug|Any CPU
		{7AD634B2-374E-45CD-BE63-6B90C6F5682F}.Release|Any CPU.ActiveCfg = Release|Any CPU
		{7AD634B2-374E-45CD-BE63-6B90C6F5682F}.Release|Any CPU.Build.0 = Release|Any CPU
		{7AD634B2-374E-45CD-BE63-6B90C6F5682F}.Release|ARM.ActiveCfg = Release|Any CPU
		{7AD634B2-374E-45CD-BE63-6B90C6F5682F}.Release|ARM.Build.0 = Release|Any CPU
		{7AD634B2-374E-45CD-BE63-6B90C6F5682F}.Release|x64.ActiveCfg = Release|Any CPU
		{7AD634B2-374E-45CD-BE63-6B90C6F5682F}.Release|x64.Build.0 = Release|Any CPU
		{7AD634B2-374E-45CD-BE63-6B90C6F5682F}.Release|x86.ActiveCfg = Release|Any CPU
		{7AD634B2-374E-45CD-BE63-6B90C6F5682F}.Release|x86.Build.0 = Release|Any CPU
	EndGlobalSection
	GlobalSection(SolutionProperties) = preSolution
		HideSolutionNode = FALSE
	EndGlobalSection
	GlobalSection(ExtensibilityGlobals) = postSolution
		SolutionGuid = {ADC29DA1-9D0F-49B9-A1B3-33594B5F3676}
	EndGlobalSection
EndGlobal
